# This file is automatically @generated by Cargo.
# It is not intended for manual editing.
version = 3

[[package]]
name = "queues"
version = "1.1.0"
source = "registry+https://github.com/rust-lang/crates.io-index"
checksum = "1475abae4f8ad4998590fe3acfe20104f0a5d48fc420c817cd2c09c3f56151f0"

[[package]]
name = "template-rust"
version = "0.1.0"
dependencies = [
 "queues",
]
